
Microsoft Visual Studio Solution File, Format Version 12.00
# Visual Studio Version 16
VisualStudioVersion = 16.0.34931.43
MinimumVisualStudioVersion = 10.0.40219.1
Project("{FAE04EC0-301F-11D3-BF4B-00C04F79EFBC}") = "TrimTime", "TrimTime\TrimTime.csproj", "{CFFFDB74-642C-4415-9B4B-905262E73604}"
EndProject
Global
	GlobalSection(SolutionConfigurationPlatforms) = preSolution
		Debug|Any CPU = Debug|Any CPU
		Release|Any CPU = Release|Any CPU
	EndGlobalSection
	GlobalSection(ProjectConfigurationPlatforms) = postSolution
		{CFFFDB74-642C-4415-9B4B-905262E73604}.Debug|Any CPU.ActiveCfg = Debug|Any CPU
		{CFFFDB74-642C-4415-9B4B-905262E73604}.Debug|Any CPU.Build.0 = Debug|Any CPU
		{CFFFDB74-642C-4415-9B4B-905262E73604}.Release|Any CPU.ActiveCfg = Release|Any CPU
		{CFFFDB74-642C-4415-9B4B-905262E73604}.Release|Any CPU.Build.0 = Release|Any CPU
	EndGlobalSection
	GlobalSection(SolutionProperties) = preSolution
		HideSolutionNode = FALSE
	EndGlobalSection
	GlobalSection(ExtensibilityGlobals) = postSolution
		SolutionGuid = {E0670F54-4114-4F2E-BAC8-E3A6D6A419B8}
	EndGlobalSection
EndGlobal
